{
  "name": "outpost-agent-image",
  "version": "1.0.0",
  "lockfileVersion": 3,
  "requires": true,
  "packages": {
    "": {
      "name": "outpost-agent-image",
      "version": "1.0.0",
      "dependencies": {
        "@anthropic-ai/claude-code": "2.1.280",
        "@github/copilot": "1.0.88",
        "@moonshot-ai/kimi-code": "2.1.1",
        "@openai/codex": "0.156.1"
      }
    },
    "node_modules/@anthropic-ai/claude-code": {
      "version": "2.1.280",
      "resolved": "https://registry.npmjs.org/@anthropic-ai/claude-code/-/claude-code-2.1.280.tgz",
      "integrity": "sha512-EZlX8jqNf+e7q9v+UoPbLYAbEGth7aDbcTytHzPYYohbP/fCfrjboCbcv85ZYGEq1Rq7Amm8hXLhuCKxLsabwA==",
      "hasInstallScript": true,
      "license": "SEE LICENSE IN README.md",
      "bin": {
        "claude": "bin/claude.exe"
      },
      "engines": {
        "node": ">=22.0.0"
      },
      "optionalDependencies": {
        "@anthropic-ai/claude-code-darwin-arm64": "2.1.280",
        "@anthropic-ai/claude-code-darwin-x64": "2.1.280",
        "@anthropic-ai/claude-code-linux-arm64": "2.1.280",
        "@anthropic-ai/claude-code-linux-arm64-musl": "2.1.280",
        "@anthropic-ai/claude-code-linux-x64": "2.1.280",
        "@anthropic-ai/claude-code-linux-x64-musl": "2.1.280",
        "@anthropic-ai/claude-code-win32-arm64": "2.1.280",
        "@anthropic-ai/claude-code-win32-x64": "2.1.280"
      }
    },
    "node_modules/@anthropic-ai/claude-code-darwin-arm64": {
      "version": "2.1.280",
      "resolved": "https://registry.npmjs.org/@anthropic-ai/claude-code-darwin-arm64/-/claude-code-darwin-arm64-2.1.280.tgz",
      "integrity": "sha512-ctkNgja8Yi2kngVFPO2667k6zbtJwjQ+dOTeEp1XmzHcoDFdaee4h4WVgZllsewm/Io+pPPPSFQVdGHOtdE/1A==",
      "cpu": [
        "arm64"
      ],
      "license": "SEE LICENSE IN LICENSE.md",
      "optional": true,
      "os": [
        "darwin"
      ]
    },
    "node_modules/@anthropic-ai/claude-code-darwin-x64": {
      "version": "2.1.280",
      "resolved": "https://registry.npmjs.org/@anthropic-ai/claude-code-darwin-x64/-/claude-code-darwin-x64-2.1.280.tgz",
      "integrity": "sha512-991qNyZVC/ra6THRMLDJ1mB1a+/C/bpKEA1w5ttNJA0mTvVm012kAbS3Pf7zrvRBFe7fU1KeHkGlTTq49519qA==",
      "cpu": [
        "x64"
      ],
      "license": "SEE LICENSE IN LICENSE.md",
      "optional": true,
      "os": [
        "darwin"
      ]
    },
    "node_modules/@anthropic-ai/claude-code-linux-arm64": {
      "version": "2.1.280",
      "resolved": "https://registry.npmjs.org/@anthropic-ai/claude-code-linux-arm64/-/claude-code-linux-arm64-2.1.280.tgz",
      "integrity": "sha512-zB4oqrFwimkV/FmBOkVxvv8iYgsuDSp7/MY8uYTns4SCE4DwdHz58X1cO1sgqLnCR96A0oU7Yirov1Uk3iGKAA==",
      "cpu": [
        "arm64"
      ],
      "license": "SEE LICENSE IN LICENSE.md",
      "optional": true,
      "os": [
        "linux"
      ]
    },
    "node_modules/@anthropic-ai/claude-code-linux-arm64-musl": {
      "version": "2.1.280",
      "resolved": "https://registry.npmjs.org/@anthropic-ai/claude-code-linux-arm64-musl/-/claude-code-linux-arm64-musl-2.1.280.tgz",
      "integrity": "sha512-SCpowU8dQo7tlh0m0Pp6KByEtfLtQYNu9QTGSWT3CZ8XlxStT45z8q7DWdm5/WVpR5iFmQJbqT7y9BSPsT0G/Q==",
      "cpu": [
        "arm64"
      ],
      "license": "SEE LICENSE IN LICENSE.md",
      "optional": true,
      "os": [
        "linux"
      ]
    },
    "node_modules/@anthropic-ai/claude-code-linux-x64": {
      "version": "2.1.280",
      "resolved": "https://registry.npmjs.org/@anthropic-ai/claude-code-linux-x64/-/claude-code-linux-x64-2.1.280.tgz",
      "integrity": "sha512-dJHWFrDSIZ26hdLucnK3ehLmzdzYl3MsPC1RzUctAUaYnZlH5kfAZxnK8qYRAQ89GX3OPrLsnFdt/QnP+0Ck6Q==",
      "cpu": [
        "x64"
      ],
      "license": "SEE LICENSE IN LICENSE.md",
      "optional": true,
      "os": [
        "linux"
      ]
    },
    "node_modules/@anthropic-ai/claude-code-linux-x64-musl": {
      "version": "2.1.280",
      "resolved": "https://registry.npmjs.org/@anthropic-ai/claude-code-linux-x64-musl/-/claude-code-linux-x64-musl-2.1.280.tgz",
      "integrity": "sha512-ch/0huIHL0oJLOFeuraNtavmAlQZ8+EyGltrkbSm/eHM1KtRl9Xr0mwbkF0M16RF4QGBe6da1Z1okLmZLVkPLw==",
      "cpu": [
        "x64"
      ],
      "license": "SEE LICENSE IN LICENSE.md",
      "optional": true,
      "os": [
        "linux"
      ]
    },
    "node_modules/@anthropic-ai/claude-code-win32-arm64": {
      "version": "2.1.280",
      "resolved": "https://registry.npmjs.org/@anthropic-ai/claude-code-win32-arm64/-/claude-code-win32-arm64-2.1.280.tgz",
      "integrity": "sha512-0g6yAB6hyCJxo6yQt6SVEV7xQwqaLmz2TxM1F56mRwIPjMwIpjqESI/lYR7efNA1o3Flir4jK96PtkO7fg5WUw==",
      "cpu": [
        "arm64"
      ],
      "license": "SEE LICENSE IN LICENSE.md",
      "optional": true,
      "os": [
        "win32"
      ]
    },
    "node_modules/@anthropic-ai/claude-code-win32-x64": {
      "version": "2.1.280",
      "resolved": "https://registry.npmjs.org/@anthropic-ai/claude-code-win32-x64/-/claude-code-win32-x64-2.1.280.tgz",
      "integrity": "sha512-/Cbb0f28a9iKVoZwgrGhNT7/5c8dhDbnKwaQvJFz8qjApgcfrWEtBmDQbOP0WbGH56NyytJGJ1oQfpfsCfIQcA==",
      "cpu": [
        "x64"
      ],
      "license": "SEE LICENSE IN LICENSE.md",
      "optional": true,
      "os": [
        "win32"
      ]
    },
    "node_modules/@github/copilot": {
      "version": "1.0.88",
      "resolved": "https://registry.npmjs.org/@github/copilot/-/copilot-1.0.88.tgz",
      "integrity": "sha512-JVpBoJS8vXWdnQxb8FgeFYH6dDBVoYL0/LVJVXHNEHlyOfUd7jMqOxFLmVXweZ6pkAEaNvmoPt9jZJeSx2IPhw==",
      "dependencies": {
        "detect-libc": "^2.1.2"
      },
      "bin": {
        "copilot": "npm-loader.js"
      },
      "optionalDependencies": {
        "@github/copilot-darwin-arm64": "1.0.88",
        "@github/copilot-darwin-x64": "1.0.88",
        "@github/copilot-linux-arm64": "1.0.88",
        "@github/copilot-linux-x64": "1.0.88",
        "@github/copilot-linuxmusl-arm64": "1.0.88",
        "@github/copilot-linuxmusl-x64": "1.0.88",
        "@github/copilot-win32-arm64": "1.0.88",
        "@github/copilot-win32-x64": "1.0.88"
      }
    },
    "node_modules/@github/copilot-darwin-arm64": {
      "version": "1.0.88",
      "resolved": "https://registry.npmjs.org/@github/copilot-darwin-arm64/-/copilot-darwin-arm64-1.0.88.tgz",
      "integrity": "sha512-gt52dl+ja+G88RjLuSec59fA8C9HNfdGxKwwqE7eAIJXZYSKwKvuMy4B79WlCtlpnH/QKbs5Z9VsU0BTxe3EAg==",
      "cpu": [
        "arm64"
      ],
      "optional": true,
      "os": [
        "darwin"
      ],
      "bin": {
        "copilot-darwin-arm64": "copilot"
      }
    },
    "node_modules/@github/copilot-darwin-x64": {
      "version": "1.0.88",
      "resolved": "https://registry.npmjs.org/@github/copilot-darwin-x64/-/copilot-darwin-x64-1.0.88.tgz",
      "integrity": "sha512-GO5KwVR5vD1vNRe0jDDXFdpOHpS780ytVSRklk0DT6bK6HIpWXqbfnOasP9OZpPClaAYO4CShkGMhHv6vKRxaA==",
      "cpu": [
        "x64"
      ],
      "optional": true,
      "os": [
        "darwin"
      ],
      "bin": {
        "copilot-darwin-x64": "copilot"
      }
    },
    "node_modules/@github/copilot-linux-arm64": {
      "version": "1.0.88",
      "resolved": "https://registry.npmjs.org/@github/copilot-linux-arm64/-/copilot-linux-arm64-1.0.88.tgz",
      "integrity": "sha512-aqtfMpA0B2cdKWydFXnlXawaqNRjG4gC5Dpe+sO/qVXQllSEi8moqiYzkUaVo4W5VEPwIXDLxCbDzsRw7Jt66w==",
      "cpu": [
        "arm64"
      ],
      "optional": true,
      "os": [
        "linux"
      ],
      "bin": {
        "copilot-linux-arm64": "copilot"
      }
    },
    "node_modules/@github/copilot-linux-x64": {
      "version": "1.0.88",
      "resolved": "https://registry.npmjs.org/@github/copilot-linux-x64/-/copilot-linux-x64-1.0.88.tgz",
      "integrity": "sha512-wNigl8rqixvtYoRtygNf1NQIXx77MWC6XyqoV7fcfvSwWI3GJCltnczaNLbC611K9Hex39KyiUR5ZmGhQ+LzLw==",
      "cpu": [
        "x64"
      ],
      "optional": true,
      "os": [
        "linux"
      ],
      "bin": {
        "copilot-linux-x64": "copilot"
      }
    },
    "node_modules/@github/copilot-linuxmusl-arm64": {
      "version": "1.0.88",
      "resolved": "https://registry.npmjs.org/@github/copilot-linuxmusl-arm64/-/copilot-linuxmusl-arm64-1.0.88.tgz",
      "integrity": "sha512-p4X9C/IyO0A4DkRY4al7a9G9HlXlEuszTmkGpI1hh8FvgtoUN5dmdeY8d6WKNTWIsB5hZmNVLxdKOyWV+q3H+Q==",
      "cpu": [
        "arm64"
      ],
      "optional": true,
      "os": [
        "linux"
      ],
      "bin": {
        "copilot-linuxmusl-arm64": "copilot"
      }
    },
    "node_modules/@github/copilot-linuxmusl-x64": {
      "version": "1.0.88",
      "resolved": "https://registry.npmjs.org/@github/copilot-linuxmusl-x64/-/copilot-linuxmusl-x64-1.0.88.tgz",
      "integrity": "sha512-fzt3aCVP7AV/5Q+x7F9J5wRCysEU+zdt5hzR6O2j63AgIxTJHl8bfAMH5i13hoPTBapVP+uEivlMeVjTiLqERw==",
      "cpu": [
        "x64"
      ],
      "optional": true,
      "os": [
        "linux"
      ],
      "bin": {
        "copilot-linuxmusl-x64": "copilot"
      }
    },
    "node_modules/@github/copilot-win32-arm64": {
      "version": "1.0.88",
      "resolved": "https://registry.npmjs.org/@github/copilot-win32-arm64/-/copilot-win32-arm64-1.0.88.tgz",
      "integrity": "sha512-8UaSHK68IArtm0YC3nrMGbEV9RurSvOo2lpgj3gKEwv6Sxi9SwI+H6OoKKzBYnvjJnauAFcX5EV4IcmKNmJPog==",
      "cpu": [
        "arm64"
      ],
      "optional": true,
      "os": [
        "win32"
      ],
      "bin": {
        "copilot-win32-arm64": "copilot.exe"
      }
    },
    "node_modules/@github/copilot-win32-x64": {
      "version": "1.0.88",
      "resolved": "https://registry.npmjs.org/@github/copilot-win32-x64/-/copilot-win32-x64-1.0.88.tgz",
      "integrity": "sha512-PJghOx5edtJn/vLjd81ri+odIfqPpY2+yAPs8GVrVu7Uzqva+jxrt8tA5ZebV7O9dXSNGgjX96juiekoAcqO1w==",
      "cpu": [
        "x64"
      ],
      "optional": true,
      "os": [
        "win32"
      ],
      "bin": {
        "copilot-win32-x64": "copilot.exe"
      }
    },
    "node_modules/@mariozechner/clipboard": {
      "version": "0.3.9",
      "resolved": "https://registry.npmjs.org/@mariozechner/clipboard/-/clipboard-0.3.9.tgz",
      "integrity": "sha512-ABnA53mdfkGZwOFUdZNv2S0CWGO/EIuPj8Vv9xmBFmSYg/qFc7ihO6q5FcQjvoE67kZpWkEc4AhD6B/os04yuA==",
      "optional": true,
      "engines": {
        "node": ">= 10"
      },
      "optionalDependencies": {
        "@mariozechner/clipboard-darwin-arm64": "0.3.9",
        "@mariozechner/clipboard-darwin-universal": "0.3.9",
        "@mariozechner/clipboard-darwin-x64": "0.3.9",
        "@mariozechner/clipboard-linux-arm64-gnu": "0.3.9",
        "@mariozechner/clipboard-linux-arm64-musl": "0.3.9",
        "@mariozechner/clipboard-linux-riscv64-gnu": "0.3.9",
        "@mariozechner/clipboard-linux-x64-gnu": "0.3.9",
        "@mariozechner/clipboard-linux-x64-musl": "0.3.9",
        "@mariozechner/clipboard-win32-arm64-msvc": "0.3.9",
        "@mariozechner/clipboard-win32-x64-msvc": "0.3.9"
      }
    },
    "node_modules/@mariozechner/clipboard-darwin-arm64": {
      "version": "0.3.9",
      "resolved": "https://registry.npmjs.org/@mariozechner/clipboard-darwin-arm64/-/clipboard-darwin-arm64-0.3.9.tgz",
      "integrity": "sha512-BfgV7vCEWZwJwZJw03r6bP5+tf0iI/ANuQYCxi9RNn7FrWB3yzGuMKCrNLRl6V761vXRdL8+OqZ0wd4TqlsNOQ==",
      "cpu": [
        "arm64"
      ],
      "optional": true,
      "os": [
        "darwin"
      ],
      "engines": {
        "node": ">= 10"
      }
    },
    "node_modules/@mariozechner/clipboard-darwin-universal": {
      "version": "0.3.9",
      "resolved": "https://registry.npmjs.org/@mariozechner/clipboard-darwin-universal/-/clipboard-darwin-universal-0.3.9.tgz",
      "integrity": "sha512-BGGR4iA9Z2shAjI65eI5xtyb3LYNlDW9X3gxKxDbqtbnREohsrqznov6zpKoIrsRWpzlYVEdKphS7ksJ0/ndSQ==",
      "optional": true,
      "os": [
        "darwin"
      ],
      "engines": {
        "node": ">= 10"
      }
    },
    "node_modules/@mariozechner/clipboard-darwin-x64": {
      "version": "0.3.9",
      "resolved": "https://registry.npmjs.org/@mariozechner/clipboard-darwin-x64/-/clipboard-darwin-x64-0.3.9.tgz",
      "integrity": "sha512-4kURmCbS6nt8uYhtmWpUcJWyPHfmAr5dTpXD1nO3pIfa+TSQ9DbrGOYCKH+aEFW47XhQ4Vp8ZTszie+wfFvDKg==",
      "cpu": [
        "x64"
      ],
      "optional": true,
      "os": [
        "darwin"
      ],
      "engines": {
        "node": ">= 10"
      }
    },
    "node_modules/@mariozechner/clipboard-linux-arm64-gnu": {
      "version": "0.3.9",
      "resolved": "https://registry.npmjs.org/@mariozechner/clipboard-linux-arm64-gnu/-/clipboard-linux-arm64-gnu-0.3.9.tgz",
      "integrity": "sha512-g59OkUGP2DDfCOIKypHeYgv2M55u/cKvXa5dSxFbEJ34XvIQMdcVmpKCkGUro3ZgefXiGVdwguvTMQGpHWzIXw==",
      "cpu": [
        "arm64"
      ],
      "optional": true,
      "os": [
        "linux"
      ],
      "engines": {
        "node": ">= 10"
      }
    },
    "node_modules/@mariozechner/clipboard-linux-arm64-musl": {
      "version": "0.3.9",
      "resolved": "https://registry.npmjs.org/@mariozechner/clipboard-linux-arm64-musl/-/clipboard-linux-arm64-musl-0.3.9.tgz",
      "integrity": "sha512-AGuJdgKsmJdm4Pych7kv3sqe591ERRaAHW3xjLooiFzn8J+PxUyof++7YZrB5Y5tpnTO+K18Og3taj2NpluCRQ==",
      "cpu": [
        "arm64"
      ],
      "optional": true,
      "os": [
        "linux"
      ],
      "engines": {
        "node": ">= 10"
      }
    },
    "node_modules/@mariozechner/clipboard-linux-riscv64-gnu": {
      "version": "0.3.9",
      "resolved": "https://registry.npmjs.org/@mariozechner/clipboard-linux-riscv64-gnu/-/clipboard-linux-riscv64-gnu-0.3.9.tgz",
      "integrity": "sha512-DXBEAiuMpk7dhS1a9NzNxVAFi1vaKoPu7rQNgY8LIDLGrK3lnIp3nT10DUum+PKVJoJppIP+NAA8IZe4DMNDPw==",
      "cpu": [
        "riscv64"
      ],
      "optional": true,
      "os": [
        "linux"
      ],
      "engines": {
        "node": ">= 10"
      }
    },
    "node_modules/@mariozechner/clipboard-linux-x64-gnu": {
      "version": "0.3.9",
      "resolved": "https://registry.npmjs.org/@mariozechner/clipboard-linux-x64-gnu/-/clipboard-linux-x64-gnu-0.3.9.tgz",
      "integrity": "sha512-WORrMLd6EpElEME7JRKfSaY34nW1P5LbdgK5YNCS1ncG2LqmITsSMEJ8nh2mpvxb3TxqbOOKgY7k9eMJYlW9Mw==",
      "cpu": [
        "x64"
      ],
      "optional": true,
      "os": [
        "linux"
      ],
      "engines": {
        "node": ">= 10"
      }
    },
    "node_modules/@mariozechner/clipboard-linux-x64-musl": {
      "version": "0.3.9",
      "resolved": "https://registry.npmjs.org/@mariozechner/clipboard-linux-x64-musl/-/clipboard-linux-x64-musl-0.3.9.tgz",
      "integrity": "sha512-/DHn+1DrfL6oRaPPWXaOKvonFFrni666fxd+zFqiQEfvBH0tsHVWjq9iqBk0oDp0qaPA72lIMy5BptxISBEhZQ==",
      "cpu": [
        "x64"
      ],
      "optional": true,
      "os": [
        "linux"
      ],
      "engines": {
        "node": ">= 10"
      }
    },
    "node_modules/@mariozechner/clipboard-win32-arm64-msvc": {
      "version": "0.3.9",
      "resolved": "https://registry.npmjs.org/@mariozechner/clipboard-win32-arm64-msvc/-/clipboard-win32-arm64-msvc-0.3.9.tgz",
      "integrity": "sha512-O5FHD3ErkMwMhNzAfu3ggy0ug4z7btZuoQgwwxlzPrwV2bxlD6WDpqBY4NCgICAgZdDKdp+loUEKVAVt8aYnhQ==",
      "cpu": [
        "arm64"
      ],
      "optional": true,
      "os": [
        "win32"
      ],
      "engines": {
        "node": ">= 10"
      }
    },
    "node_modules/@mariozechner/clipboard-win32-x64-msvc": {
      "version": "0.3.9",
      "resolved": "https://registry.npmjs.org/@mariozechner/clipboard-win32-x64-msvc/-/clipboard-win32-x64-msvc-0.3.9.tgz",
      "integrity": "sha512-ihQC3EufqEY81vhXBgVBtK4prL+wc62zJsSvxrgz7K1hsdt6OObz6v9p3Rn1OG3GJksTTKMJF0u/guMISHPhSA==",
      "cpu": [
        "x64"
      ],
      "optional": true,
      "os": [
        "win32"
      ],
      "engines": {
        "node": ">= 10"
      }
    },
    "node_modules/@moonshot-ai/kimi-code": {
      "version": "2.1.1",
      "resolved": "https://registry.npmjs.org/@moonshot-ai/kimi-code/-/kimi-code-2.1.1.tgz",
      "integrity": "sha512-xClqcnTQUKgKDbeOGPU78qcwxGzL8wA2rqWuOX3CLpyQ1/NhSX7jAh6hZo/JFwThSX8obkgef3uw/li5JaJNyw==",
      "hasInstallScript": true,
      "dependencies": {
        "qrcode": "^1.5.4",
        "ws": "^8.18.0"
      },
      "bin": {
        "kimi": "dist/main.mjs"
      },
      "engines": {
        "node": ">=22.19.0"
      },
      "optionalDependencies": {
        "@mariozechner/clipboard": "^0.3.9",
        "node-pty": "^1.1.0"
      }
    },
    "node_modules/@moonshot-ai/kimi-code/node_modules/node-addon-api": {
      "version": "7.1.1",
      "resolved": "https://registry.npmjs.org/node-addon-api/-/node-addon-api-7.1.1.tgz",
      "integrity": "sha512-5m3bsyrjFWE1xf7nz7YXdN4udnVtXK6/Yfgn5qnahL6bCkf2yKt4k3nuTKAtT4r3IG8JNR2ncsIMdZuAzJjHQQ==",
      "optional": true
    },
    "node_modules/@moonshot-ai/kimi-code/node_modules/node-pty": {
      "version": "1.1.0",
      "resolved": "https://registry.npmjs.org/node-pty/-/node-pty-1.1.0.tgz",
      "integrity": "sha512-20JqtutY6JPXTUnL0ij1uad7Qe1baT46lyolh2sSENDd4sTzKZ4nmAFkeAARDKwmlLjPx6XKRlwRUxwjOy+lUg==",
      "hasInstallScript": true,
      "optional": true,
      "dependencies": {
        "node-addon-api": "^7.1.0"
      }
    },
    "node_modules/@openai/codex": {
      "version": "0.156.1",
      "resolved": "https://registry.npmjs.org/@openai/codex/-/codex-0.156.1.tgz",
      "integrity": "sha512-nI1iVl/n2SO2lSvlwEsJx63zdSI4C4Me2gR7AG0OWMJiGSakz2tY2hx43E39Zq5aEoeB5bZjJXzp5Sqhog6vyA==",
      "license": "Apache-2.0",
      "bin": {
        "codex": "bin/codex.js"
      },
      "engines": {
        "node": ">=16"
      },
      "optionalDependencies": {
        "@openai/codex-darwin-arm64": "npm:@openai/codex@0.156.1-darwin-arm64",
        "@openai/codex-darwin-x64": "npm:@openai/codex@0.156.1-darwin-x64",
        "@openai/codex-linux-arm64": "npm:@openai/codex@0.156.1-linux-arm64",
        "@openai/codex-linux-x64": "npm:@openai/codex@0.156.1-linux-x64",
        "@openai/codex-win32-arm64": "npm:@openai/codex@0.156.1-win32-arm64",
        "@openai/codex-win32-x64": "npm:@openai/codex@0.156.1-win32-x64"
      }
    },
    "node_modules/@openai/codex-darwin-arm64": {
      "name": "@openai/codex",
      "version": "0.156.1-darwin-arm64",
      "resolved": "https://registry.npmjs.org/@openai/codex/-/codex-0.156.1-darwin-arm64.tgz",
      "integrity": "sha512-Jg6wbdV+wmMZczhwE74GSxOYEZlViKXn6KyCw/yfrz3PAKFD14xljuPopmdhWC1+8IKU2WdN5fdmXNPt2q4HPA==",
      "cpu": [
        "arm64"
      ],
      "license": "Apache-2.0",
      "optional": true,
      "os": [
        "darwin"
      ],
      "engines": {
        "node": ">=16"
      }
    },
    "node_modules/@openai/codex-darwin-x64": {
      "name": "@openai/codex",
      "version": "0.156.1-darwin-x64",
      "resolved": "https://registry.npmjs.org/@openai/codex/-/codex-0.156.1-darwin-x64.tgz",
      "integrity": "sha512-BVjqNOoltWrnNUrgMRepvDIIBmd4XY+ikAE4pYVHlrwiizNlEWQuCQOTrFMJKp54LFRG8jDTjLZyYQ1QrliuOg==",
      "cpu": [
        "x64"
      ],
      "license": "Apache-2.0",
      "optional": true,
      "os": [
        "darwin"
      ],
      "engines": {
        "node": ">=16"
      }
    },
    "node_modules/@openai/codex-linux-arm64": {
      "name": "@openai/codex",
      "version": "0.156.1-linux-arm64",
      "resolved": "https://registry.npmjs.org/@openai/codex/-/codex-0.156.1-linux-arm64.tgz",
      "integrity": "sha512-sTEHk31C12dqzJdjZ2u9KLFCXKL04KyCM+QheSjdQI8uzmVJS7aEF2/qAqFxXwk/jwMzC9u7IihfoIlAGR6YsA==",
      "cpu": [
        "arm64"
      ],
      "license": "Apache-2.0",
      "optional": true,
      "os": [
        "linux"
      ],
      "engines": {
        "node": ">=16"
      }
    },
    "node_modules/@openai/codex-linux-x64": {
      "name": "@openai/codex",
      "version": "0.156.1-linux-x64",
      "resolved": "https://registry.npmjs.org/@openai/codex/-/codex-0.156.1-linux-x64.tgz",
      "integrity": "sha512-2ePo0wgOcnONKsuzp8vBjOmNY+IdsKaouaDDIdiKq9HOWNuV/GI22OeXft2A/1GaoL71ictO0/pLAsCEnQ6wew==",
      "cpu": [
        "x64"
      ],
      "license": "Apache-2.0",
      "optional": true,
      "os": [
        "linux"
      ],
      "engines": {
        "node": ">=16"
      }
    },
    "node_modules/@openai/codex-win32-arm64": {
      "name": "@openai/codex",
      "version": "0.156.1-win32-arm64",
      "resolved": "https://registry.npmjs.org/@openai/codex/-/codex-0.156.1-win32-arm64.tgz",
      "integrity": "sha512-e5DsyOHlKWulTBz/neIczpcYLQDqtaLtBj2lgncOgeQw5mlAQVZHlGvKsoKVcEPUKLb8opIMJBxXi6cz3JJ4hg==",
      "cpu": [
        "arm64"
      ],
      "license": "Apache-2.0",
      "optional": true,
      "os": [
        "win32"
      ],
      "engines": {
        "node": ">=16"
      }
    },
    "node_modules/@openai/codex-win32-x64": {
      "name": "@openai/codex",
      "version": "0.156.1-win32-x64",
      "resolved": "https://registry.npmjs.org/@openai/codex/-/codex-0.156.1-win32-x64.tgz",
      "integrity": "sha512-MJyLxbBs2zzp5kbaR/99Zwe7SmbrwUkveTcT+ayYlO48V0nYh0eU+h2lalBwvC7VJ/ya/bXnUtISJfJKhGCD/g==",
      "cpu": [
        "x64"
      ],
      "license": "Apache-2.0",
      "optional": true,
      "os": [
        "win32"
      ],
      "engines": {
        "node": ">=16"
      }
    },
    "node_modules/ansi-regex": {
      "version": "5.0.1",
      "resolved": "https://registry.npmjs.org/ansi-regex/-/ansi-regex-5.0.1.tgz",
      "integrity": "sha512-quJQXlTSUGL2LH9SUXo8VwsY4soanhgo6LNSm84E1LBcE8s3O0wpdiRzyR9z/ZZJMlMWv37qOOb9pdJlMUEKFQ==",
      "engines": {
        "node": ">=8"
      }
    },
    "node_modules/ansi-styles": {
      "version": "4.3.0",
      "resolved": "https://registry.npmjs.org/ansi-styles/-/ansi-styles-4.3.0.tgz",
      "integrity": "sha512-zbB9rCJAT1rbjiVDb2hqKFHNYLxgtk8NURxZ3IZwD3F6NtxbXZQCnnSi1Lkx+IDohdPlFp222wVALIheZJQSEg==",
      "dependencies": {
        "color-convert": "^2.0.1"
      },
      "engines": {
        "node": ">=8"
      },
      "funding": {
        "url": "https://github.com/chalk/ansi-styles?sponsor=1"
      }
    },
    "node_modules/camelcase": {
      "version": "5.3.1",
      "resolved": "https://registry.npmjs.org/camelcase/-/camelcase-5.3.1.tgz",
      "integrity": "sha512-L28STB170nwWS63UjtlEOE3dldQApaJXZkOI1uMFfzf3rRuPegHaHesyee+YxQ+W6SvRDQV6UrdOdRiR153wJg==",
      "engines": {
        "node": ">=6"
      }
    },
    "node_modules/cliui": {
      "version": "6.0.0",
      "resolved": "https://registry.npmjs.org/cliui/-/cliui-6.0.0.tgz",
      "integrity": "sha512-t6wbgtoCXvAzst7QgXxJYqPt0usEfbgQdftEPbLL/cvv6HPE5VgvqCuAIDR0NgU52ds6rFwqrgakNLrHEjCbrQ==",
      "dependencies": {
        "string-width": "^4.2.0",
        "strip-ansi": "^6.0.0",
        "wrap-ansi": "^6.2.0"
      }
    },
    "node_modules/color-convert": {
      "version": "2.0.1",
      "resolved": "https://registry.npmjs.org/color-convert/-/color-convert-2.0.1.tgz",
      "integrity": "sha512-RRECPsj7iu/xb5oKYcsFHSppFNnsj/52OVTRKb4zP5onXwVF3zVmmToNcOfGC+CRDpfK/U584fMg38ZHCaElKQ==",
      "dependencies": {
        "color-name": "~1.1.4"
      },
      "engines": {
        "node": ">=7.0.0"
      }
    },
    "node_modules/color-name": {
      "version": "1.1.4",
      "resolved": "https://registry.npmjs.org/color-name/-/color-name-1.1.4.tgz",
      "integrity": "sha512-dOy+3AuW3a2wNbZHIuMZpTcgjGuLU/uBL/ubcZF9OXbDo8ff4O8yVp5Bf0efS8uEoYo5q4Fx7dY9OgQGXgAsQA=="
    },
    "node_modules/decamelize": {
      "version": "1.2.0",
      "resolved": "https://registry.npmjs.org/decamelize/-/decamelize-1.2.0.tgz",
      "integrity": "sha512-z2S+W9X73hAUUki+N+9Za2lBlun89zigOyGrsax+KUQ6wKW4ZoWpEYBkGhQjwAjjDCkWxhY0VKEhk8wzY7F5cA==",
      "engines": {
        "node": ">=0.10.0"
      }
    },
    "node_modules/detect-libc": {
      "version": "2.1.2",
      "resolved": "https://registry.npmjs.org/detect-libc/-/detect-libc-2.1.2.tgz",
      "integrity": "sha512-Btj2BOOO83o3WyH59e8MgXsxEQVcarkUOpEYrubB0urwnN10yQ364rsiByU11nZlqWYZm05i/of7io4mzihBtQ==",
      "engines": {
        "node": ">=8"
      }
    },
    "node_modules/dijkstrajs": {
      "version": "1.0.3",
      "resolved": "https://registry.npmjs.org/dijkstrajs/-/dijkstrajs-1.0.3.tgz",
      "integrity": "sha512-qiSlmBq9+BCdCA/L46dw8Uy93mloxsPSbwnm5yrKn2vMPiy8KyAskTF6zuV/j5BMsmOGZDPs7KjU+mjb670kfA=="
    },
    "node_modules/emoji-regex": {
      "version": "8.0.0",
      "resolved": "https://registry.npmjs.org/emoji-regex/-/emoji-regex-8.0.0.tgz",
      "integrity": "sha512-MSjYzcWNOA0ewAHpz0MxpYFvwg6yjy1NG3xteoqz644VCo/RPgnr1/GGt+ic3iJTzQ8Eu3TdM14SawnVUmGE6A=="
    },
    "node_modules/find-up": {
      "version": "4.1.0",
      "resolved": "https://registry.npmjs.org/find-up/-/find-up-4.1.0.tgz",
      "integrity": "sha512-PpOwAdQ/YlXQ2vj8a3h8IipDuYRi3wceVQQGYWxNINccq40Anw7BlsEXCMbt1Zt+OLA6Fq9suIpIWD0OsnISlw==",
      "dependencies": {
        "locate-path": "^5.0.0",
        "path-exists": "^4.0.0"
      },
      "engines": {
        "node": ">=8"
      }
    },
    "node_modules/get-caller-file": {
      "version": "2.0.5",
      "resolved": "https://registry.npmjs.org/get-caller-file/-/get-caller-file-2.0.5.tgz",
      "integrity": "sha512-DyFP3BM/3YHTQOCUL/w0OZHR0lpKeGrxotcHWcqNEdnltqFwXVfhEBQ94eIo34AfQpo0rGki4cyIiftY06h2Fg==",
      "engines": {
        "node": "6.* || 8.* || >= 10.*"
      }
    },
    "node_modules/is-fullwidth-code-point": {
      "version": "3.0.0",
      "resolved": "https://registry.npmjs.org/is-fullwidth-code-point/-/is-fullwidth-code-point-3.0.0.tgz",
      "integrity": "sha512-zymm5+u+sCsSWyD9qNaejV3DFvhCKclKdizYaJUuHA83RLjb7nSuGnddCHGv0hk+KY7BMAlsWeK4Ueg6EV6XQg==",
      "engines": {
        "node": ">=8"
      }
    },
    "node_modules/locate-path": {
      "version": "5.0.0",
      "resolved": "https://registry.npmjs.org/locate-path/-/locate-path-5.0.0.tgz",
      "integrity": "sha512-t7hw9pI+WvuwNJXwk5zVHpyhIqzg2qTlklJOf0mVxGSbe3Fp2VieZcduNYjaLDoy6p9uGpQEGWG87WpMKlNq8g==",
      "dependencies": {
        "p-locate": "^4.1.0"
      },
      "engines": {
        "node": ">=8"
      }
    },
    "node_modules/p-limit": {
      "version": "2.3.0",
      "resolved": "https://registry.npmjs.org/p-limit/-/p-limit-2.3.0.tgz",
      "integrity": "sha512-//88mFWSJx8lxCzwdAABTJL2MyWB12+eIY7MDL2SqLmAkeKU9qxRvWuSyTjm3FUmpBEMuFfckAIqEaVGUDxb6w==",
      "dependencies": {
        "p-try": "^2.0.0"
      },
      "engines": {
        "node": ">=6"
      },
      "funding": {
        "url": "https://github.com/sponsors/sindresorhus"
      }
    },
    "node_modules/p-locate": {
      "version": "4.1.0",
      "resolved": "https://registry.npmjs.org/p-locate/-/p-locate-4.1.0.tgz",
      "integrity": "sha512-R79ZZ/0wAxKGu3oYMlz8jy/kbhsNrS7SKZ7PxEHBgJ5+F2mtFW2fK2cOtBh1cHYkQsbzFV7I+EoRKe6Yt0oK7A==",
      "dependencies": {
        "p-limit": "^2.2.0"
      },
      "engines": {
        "node": ">=8"
      }
    },
    "node_modules/p-try": {
      "version": "2.2.0",
      "resolved": "https://registry.npmjs.org/p-try/-/p-try-2.2.0.tgz",
      "integrity": "sha512-R4nPAVTAU0B9D35/Gk3uJf/7XYbQcyohSKdvAxIRSNghFl4e71hVoGnBNQz9cWaXxO2I10KTC+3jMdvvoKw6dQ==",
      "engines": {
        "node": ">=6"
      }
    },
    "node_modules/path-exists": {
      "version": "4.0.0",
      "resolved": "https://registry.npmjs.org/path-exists/-/path-exists-4.0.0.tgz",
      "integrity": "sha512-ak9Qy5Q7jYb2Wwcey5Fpvg2KoAc/ZIhLSLOSBmRmygPsGwkVVt0fZa0qrtMz+m6tJTAHfZQ8FnmB4MG4LWy7/w==",
      "engines": {
        "node": ">=8"
      }
    },
    "node_modules/pngjs": {
      "version": "5.0.0",
      "resolved": "https://registry.npmjs.org/pngjs/-/pngjs-5.0.0.tgz",
      "integrity": "sha512-40QW5YalBNfQo5yRYmiw7Yz6TKKVr3h6970B2YE+3fQpsWcrbj1PzJgxeJ19DRQjhMbKPIuMY8rFaXc8moolVw==",
      "engines": {
        "node": ">=10.13.0"
      }
    },
    "node_modules/qrcode": {
      "version": "1.5.4",
      "resolved": "https://registry.npmjs.org/qrcode/-/qrcode-1.5.4.tgz",
      "integrity": "sha512-1ca71Zgiu6ORjHqFBDpnSMTR2ReToX4l1Au1VFLyVeBTFavzQnv5JxMFr3ukHVKpSrSA2MCk0lNJSykjUfz7Zg==",
      "dependencies": {
        "dijkstrajs": "^1.0.1",
        "pngjs": "^5.0.0",
        "yargs": "^15.3.1"
      },
      "bin": {
        "qrcode": "bin/qrcode"
      },
      "engines": {
        "node": ">=10.13.0"
      }
    },
    "node_modules/require-directory": {
      "version": "2.1.1",
      "resolved": "https://registry.npmjs.org/require-directory/-/require-directory-2.1.1.tgz",
      "integrity": "sha512-fGxEI7+wsG9xrvdjsrlmL22OMTTiHRwAMroiEeMgq8gzoLC/PQr7RsRDSTLUg/bZAZtF+TVIkHc6/4RIKrui+Q==",
      "engines": {
        "node": ">=0.10.0"
      }
    },
    "node_modules/require-main-filename": {
      "version": "2.0.0",
      "resolved": "https://registry.npmjs.org/require-main-filename/-/require-main-filename-2.0.0.tgz",
      "integrity": "sha512-NKN5kMDylKuldxYLSUfrbo5Tuzh4hd+2E8NPPX02mZtn1VuREQToYe/ZdlJy+J3uCpfaiGF05e7B8W0iXbQHmg=="
    },
    "node_modules/set-blocking": {
      "version": "2.0.0",
      "resolved": "https://registry.npmjs.org/set-blocking/-/set-blocking-2.0.0.tgz",
      "integrity": "sha512-KiKBS8AnWGEyLzofFfmvKwpdPzqiy16LvQfK3yv/fVH7Bj13/wl3JSR1J+rfgRE9q7xUJK4qvgS8raSOeLUehw=="
    },
    "node_modules/string-width": {
      "version": "4.2.3",
      "resolved": "https://registry.npmjs.org/string-width/-/string-width-4.2.3.tgz",
      "integrity": "sha512-wKyQRQpjJ0sIp62ErSZdGsjMJWsap5oRNihHhu6G7JVO/9jIB6UyevL+tXuOqrng8j/cxKTWyWUwvSTriiZz/g==",
      "dependencies": {
        "emoji-regex": "^8.0.0",
        "is-fullwidth-code-point": "^3.0.0",
        "strip-ansi": "^6.0.1"
      },
      "engines": {
        "node": ">=8"
      }
    },
    "node_modules/strip-ansi": {
      "version": "6.0.1",
      "resolved": "https://registry.npmjs.org/strip-ansi/-/strip-ansi-6.0.1.tgz",
      "integrity": "sha512-Y38VPSHcqkFrCpFnQ9vuSXmquuv5oXOKpGeT6aGrr3o3Gc9AlVa6JBfUSOCnbxGGZF+/0ooI7KrPuUSztUdU5A==",
      "dependencies": {
        "ansi-regex": "^5.0.1"
      },
      "engines": {
        "node": ">=8"
      }
    },
    "node_modules/which-module": {
      "version": "2.0.1",
      "resolved": "https://registry.npmjs.org/which-module/-/which-module-2.0.1.tgz",
      "integrity": "sha512-iBdZ57RDvnOR9AGBhML2vFZf7h8vmBjhoaZqODJBFWHVtKkDmKuHai3cx5PgVMrX5YDNp27AofYbAwctSS+vhQ=="
    },
    "node_modules/wrap-ansi": {
      "version": "6.2.0",
      "resolved": "https://registry.npmjs.org/wrap-ansi/-/wrap-ansi-6.2.0.tgz",
      "integrity": "sha512-r6lPcBGxZXlIcymEu7InxDMhdW0KDxpLgoFLcguasxCaJ/SOIZwINatK9KY/tf+ZrlywOKU0UDj3ATXUBfxJXA==",
      "dependencies": {
        "ansi-styles": "^4.0.0",
        "string-width": "^4.1.0",
        "strip-ansi": "^6.0.0"
      },
      "engines": {
        "node": ">=8"
      }
    },
    "node_modules/ws": {
      "version": "8.22.0",
      "resolved": "https://registry.npmjs.org/ws/-/ws-8.22.0.tgz",
      "integrity": "sha512-Ydggc987+RO0AnWtZ/7Wq9FtNvcrL1b/RO0ud9mWjUPgDrsAAwQSF51sm2hm1XofbU/4jkpGEsLFsZZxU+1DOg==",
      "engines": {
        "node": ">=10.0.0"
      },
      "peerDependencies": {
        "bufferutil": "^4.0.1",
        "utf-8-validate": ">=5.0.2"
      },
      "peerDependenciesMeta": {
        "bufferutil": {
          "optional": true
        },
        "utf-8-validate": {
          "optional": true
        }
      }
    },
    "node_modules/y18n": {
      "version": "4.0.3",
      "resolved": "https://registry.npmjs.org/y18n/-/y18n-4.0.3.tgz",
      "integrity": "sha512-JKhqTOwSrqNA1NY5lSztJ1GrBiUodLMmIZuLiDaMRJ+itFd+ABVE8XBjOvIWL+rSqNDC74LCSFmlb/U4UZ4hJQ=="
    },
    "node_modules/yargs": {
      "version": "15.4.1",
      "resolved": "https://registry.npmjs.org/yargs/-/yargs-15.4.1.tgz",
      "integrity": "sha512-aePbxDmcYW++PaqBsJ+HYUFwCdv4LVvdnhBy78E57PIor8/OVvhMrADFFEDh8DHDFRv/O9i3lPhsENjO7QX0+A==",
      "dependencies": {
        "cliui": "^6.0.0",
        "decamelize": "^1.2.0",
        "find-up": "^4.1.0",
        "get-caller-file": "^2.0.1",
        "require-directory": "^2.1.1",
        "require-main-filename": "^2.0.0",
        "set-blocking": "^2.0.0",
        "string-width": "^4.2.0",
        "which-module": "^2.0.0",
        "y18n": "^4.0.0",
        "yargs-parser": "^18.1.2"
      },
      "engines": {
        "node": ">=8"
      }
    },
    "node_modules/yargs-parser": {
      "version": "18.1.3",
      "resolved": "https://registry.npmjs.org/yargs-parser/-/yargs-parser-18.1.3.tgz",
      "integrity": "sha512-o50j0JeToy/4K6OZcaQmW6lyXXKhq7csREXcDwk2omFPJEwUNOVtJKvmDr9EI1fAJZUyZcRF7kxGBWmRXudrCQ==",
      "dependencies": {
        "camelcase": "^5.0.0",
        "decamelize": "^1.2.0"
      },
      "engines": {
        "node": ">=6"
      }
    }
  }
}
